
Microsoft Visual Studio Solution File, Format Version 12.00
# Visual Studio Version 16
VisualStudioVersion = 16.0.30717.126
MinimumVisualStudioVersion = 10.0.40219.1
Project("{FAE04EC0-301F-11D3-BF4B-00C04F79EFBC}") = "programForSolvingEquations", "programForSolvingEquations\programForSolvingEquations.csproj", "{69FE9EBB-5E63-4185-BE41-2AE07EB9B726}"
EndProject
Global
	GlobalSection(SolutionConfigurationPlatforms) = preSolution
		Debug|Any CPU = Debug|Any CPU
		Release|Any CPU = Release|Any CPU
	EndGlobalSection
	GlobalSection(ProjectConfigurationPlatforms) = postSolution
		{69FE9EBB-5E63-4185-BE41-2AE07EB9B726}.Debug|Any CPU.ActiveCfg = Debug|Any CPU
		{69FE9EBB-5E63-4185-BE41-2AE07EB9B726}.Debug|Any CPU.Build.0 = Debug|Any CPU
		{69FE9EBB-5E63-4185-BE41-2AE07EB9B726}.Release|Any CPU.ActiveCfg = Release|Any CPU
		{69FE9EBB-5E63-4185-BE41-2AE07EB9B726}.Release|Any CPU.Build.0 = Release|Any CPU
	EndGlobalSection
	GlobalSection(SolutionProperties) = preSolution
		HideSolutionNode = FALSE
	EndGlobalSection
	GlobalSection(ExtensibilityGlobals) = postSolution
		SolutionGuid = {A857ADFD-A4DB-4FBC-8074-33AF241CA239}
	EndGlobalSection
EndGlobal
